
Microsoft Visual Studio Solution File, Format Version 12.00
# Visual Studio Version 17
VisualStudioVersion = 17.9.34607.119
MinimumVisualStudioVersion = 10.0.40219.1
Project("{9A19103F-16F7-4668-BE54-9A1E7A4F7556}") = "EcommerceSportsShopNetAndAngular", "EcommerceSportsShopNetAndAngular\EcommerceSportsShopNetAndAngular.csproj", "{44C61049-7D54-4DB0-BA97-82B20C7C4D67}"
EndProject
Global
	GlobalSection(SolutionConfigurationPlatforms) = preSolution
		Debug|Any CPU = Debug|Any CPU
		Release|Any CPU = Release|Any CPU
	EndGlobalSection
	GlobalSection(ProjectConfigurationPlatforms) = postSolution
		{44C61049-7D54-4DB0-BA97-82B20C7C4D67}.Debug|Any CPU.ActiveCfg = Debug|Any CPU
		{44C61049-7D54-4DB0-BA97-82B20C7C4D67}.Debug|Any CPU.Build.0 = Debug|Any CPU
		{44C61049-7D54-4DB0-BA97-82B20C7C4D67}.Release|Any CPU.ActiveCfg = Release|Any CPU
		{44C61049-7D54-4DB0-BA97-82B20C7C4D67}.Release|Any CPU.Build.0 = Release|Any CPU
	EndGlobalSection
	GlobalSection(SolutionProperties) = preSolution
		HideSolutionNode = FALSE
	EndGlobalSection
	GlobalSection(ExtensibilityGlobals) = postSolution
		SolutionGuid = {0DF76122-7C5E-4BFD-88A1-B252284223BB}
	EndGlobalSection
EndGlobal
